// !$*UTF8*$!
{
	archiveVersion = 1;
	classes = {
	};
	objectVersion = 51;
	objects = {

/* Begin PBXBuildFile section */
		849282512635635B00DC0C13 /* AppDelegate.swift in Sources */ = {isa = PBXBuildFile; fileRef = 849282502635635B00DC0C13 /* AppDelegate.swift */; };
		849282532635635B00DC0C13 /* ViewController.swift in Sources */ = {isa = PBXBuildFile; fileRef = 849282522635635B00DC0C13 /* ViewController.swift */; };
		849282552635635D00DC0C13 /* Assets.xcassets in Resources */ = {isa = PBXBuildFile; fileRef = 849282542635635D00DC0C13 /* Assets.xcassets */; };
		849282582635635D00DC0C13 /* Main.storyboard in Resources */ = {isa = PBXBuildFile; fileRef = 849282562635635D00DC0C13 /* Main.storyboard */; };
		849282642635635D00DC0C13 /* DasanFactoryAppTests.swift in Sources */ = {isa = PBXBuildFile; fileRef = 849282632635635D00DC0C13 /* DasanFactoryAppTests.swift */; };
		8492826F2635635D00DC0C13 /* DasanFactoryAppUITests.swift in Sources */ = {isa = PBXBuildFile; fileRef = 8492826E2635635D00DC0C13 /* DasanFactoryAppUITests.swift */; };
		849282A326356B1500DC0C13 /* JPLDevice.swift in Sources */ = {isa = PBXBuildFile; fileRef = 849282A226356B1500DC0C13 /* JPLDevice.swift */; };
/* End PBXBuildFile section */

/* Begin PBXContainerItemProxy section */
		849282602635635D00DC0C13 /* PBXContainerItemProxy */ = {
			isa = PBXContainerItemProxy;
			containerPortal = 849282452635635B00DC0C13 /* Project object */;
			proxyType = 1;
			remoteGlobalIDString = 8492824C2635635B00DC0C13;
			remoteInfo = DasanFactoryApp;
		};
		8492826B2635635D00DC0C13 /* PBXContainerItemProxy */ = {
			isa = PBXContainerItemProxy;
			containerPortal = 849282452635635B00DC0C13 /* Project object */;
			proxyType = 1;
			remoteGlobalIDString = 8492824C2635635B00DC0C13;
			remoteInfo = DasanFactoryApp;
		};
/* End PBXContainerItemProxy section */

/* Begin PBXFileReference section */
		2FEEBFF94E8F0337BE77A2F2 /* Pods-DasanFactoryAppTests.release.xcconfig */ = {isa = PBXFileReference; includeInIndex = 1; lastKnownFileType = text.xcconfig; name = "Pods-DasanFactoryAppTests.release.xcconfig"; path = "Target Support Files/Pods-DasanFactoryAppTests/Pods-DasanFactoryAppTests.release.xcconfig"; sourceTree = "<group>"; };
		4880F39FCFC0C5ADF97E312C /* Pods_DasanFactoryApp.framework */ = {isa = PBXFileReference; explicitFileType = wrapper.framework; includeInIndex = 0; path = Pods_DasanFactoryApp.framework; sourceTree = BUILT_PRODUCTS_DIR; };
		4F78ECD24DE7F5BF265DC255 /* Pods-DasanFactoryApp.release.xcconfig */ = {isa = PBXFileReference; includeInIndex = 1; lastKnownFileType = text.xcconfig; name = "Pods-DasanFactoryApp.release.xcconfig"; path = "Target Support Files/Pods-DasanFactoryApp/Pods-DasanFactoryApp.release.xcconfig"; sourceTree = "<group>"; };
		5653FD314033CE9BEA6C6E74 /* Pods-DasanFactoryAppTests.debug.xcconfig */ = {isa = PBXFileReference; includeInIndex = 1; lastKnownFileType = text.xcconfig; name = "Pods-DasanFactoryAppTests.debug.xcconfig"; path = "Target Support Files/Pods-DasanFactoryAppTests/Pods-DasanFactoryAppTests.debug.xcconfig"; sourceTree = "<group>"; };
		6C096EE1CEFFCC90362A396C /* Pods-DasanFactoryApp.debug.xcconfig */ = {isa = PBXFileReference; includeInIndex = 1; lastKnownFileType = text.xcconfig; name = "Pods-DasanFactoryApp.debug.xcconfig"; path = "Target Support Files/Pods-DasanFactoryApp/Pods-DasanFactoryApp.debug.xcconfig"; sourceTree = "<group>"; };
		832814EEA86DF57DBD96513E /* Pods-DasanFactoryApp-DasanFactoryAppUITests.debug.xcconfig */ = {isa = PBXFileReference; includeInIndex = 1; lastKnownFileType = text.xcconfig; name = "Pods-DasanFactoryApp-DasanFactoryAppUITests.debug.xcconfig"; path = "Target Support Files/Pods-DasanFactoryApp-DasanFactoryAppUITests/Pods-DasanFactoryApp-DasanFactoryAppUITests.debug.xcconfig"; sourceTree = "<group>"; };
		843100842636940D00F64892 /* DasanFactoryAppRelease.entitlements */ = {isa = PBXFileReference; lastKnownFileType = text.plist.entitlements; path = DasanFactoryAppRelease.entitlements; sourceTree = "<group>"; };
		843100912636954800F64892 /* USBDeviceSwift.framework */ = {isa = PBXFileReference; explicitFileType = wrapper.framework; path = USBDeviceSwift.framework; sourceTree = BUILT_PRODUCTS_DIR; };
		8492824D2635635B00DC0C13 /* DasanFactoryApp.app */ = {isa = PBXFileReference; explicitFileType = wrapper.application; includeInIndex = 0; path = DasanFactoryApp.app; sourceTree = BUILT_PRODUCTS_DIR; };
		849282502635635B00DC0C13 /* AppDelegate.swift */ = {isa = PBXFileReference; lastKnownFileType = sourcecode.swift; path = AppDelegate.swift; sourceTree = "<group>"; };
		849282522635635B00DC0C13 /* ViewController.swift */ = {isa = PBXFileReference; lastKnownFileType = sourcecode.swift; path = ViewController.swift; sourceTree = "<group>"; };
		849282542635635D00DC0C13 /* Assets.xcassets */ = {isa = PBXFileReference; lastKnownFileType = folder.assetcatalog; path = Assets.xcassets; sourceTree = "<group>"; };
		849282572635635D00DC0C13 /* Base */ = {isa = PBXFileReference; lastKnownFileType = file.storyboard; name = Base; path = Base.lproj/Main.storyboard; sourceTree = "<group>"; };
		849282592635635D00DC0C13 /* Info.plist */ = {isa = PBXFileReference; lastKnownFileType = text.plist.xml; path = Info.plist; sourceTree = "<group>"; };
		8492825A2635635D00DC0C13 /* DasanFactoryApp.entitlements */ = {isa = PBXFileReference; lastKnownFileType = text.plist.entitlements; path = DasanFactoryApp.entitlements; sourceTree = "<group>"; };
		8492825F2635635D00DC0C13 /* DasanFactoryAppTests.xctest */ = {isa = PBXFileReference; explicitFileType = wrapper.cfbundle; includeInIndex = 0; path = DasanFactoryAppTests.xctest; sourceTree = BUILT_PRODUCTS_DIR; };
		849282632635635D00DC0C13 /* DasanFactoryAppTests.swift */ = {isa = PBXFileReference; lastKnownFileType = sourcecode.swift; path = DasanFactoryAppTests.swift; sourceTree = "<group>"; };
		849282652635635D00DC0C13 /* Info.plist */ = {isa = PBXFileReference; lastKnownFileType = text.plist.xml; path = Info.plist; sourceTree = "<group>"; };
		8492826A2635635D00DC0C13 /* DasanFactoryAppUITests.xctest */ = {isa = PBXFileReference; explicitFileType = wrapper.cfbundle; includeInIndex = 0; path = DasanFactoryAppUITests.xctest; sourceTree = BUILT_PRODUCTS_DIR; };
		8492826E2635635D00DC0C13 /* DasanFactoryAppUITests.swift */ = {isa = PBXFileReference; lastKnownFileType = sourcecode.swift; path = DasanFactoryAppUITests.swift; sourceTree = "<group>"; };
		849282702635635D00DC0C13 /* Info.plist */ = {isa = PBXFileReference; lastKnownFileType = text.plist.xml; path = Info.plist; sourceTree = "<group>"; };
		849282A226356B1500DC0C13 /* JPLDevice.swift */ = {isa = PBXFileReference; lastKnownFileType = sourcecode.swift; path = JPLDevice.swift; sourceTree = "<group>"; };
		939318FBC801CD0D92A576CA /* Pods-DasanFactoryApp-DasanFactoryAppUITests.release.xcconfig */ = {isa = PBXFileReference; includeInIndex = 1; lastKnownFileType = text.xcconfig; name = "Pods-DasanFactoryApp-DasanFactoryAppUITests.release.xcconfig"; path = "Target Support Files/Pods-DasanFactoryApp-DasanFactoryAppUITests/Pods-DasanFactoryApp-DasanFactoryAppUITests.release.xcconfig"; sourceTree = "<group>"; };
/* End PBXFileReference section */

/* Begin PBXFrameworksBuildPhase section */
		8492824A2635635B00DC0C13 /* Frameworks */ = {
			isa = PBXFrameworksBuildPhase;
			buildActionMask = 2147483647;
			files = (
			);
			runOnlyForDeploymentPostprocessing = 0;
		};
		8492825C2635635D00DC0C13 /* Frameworks */ = {
			isa = PBXFrameworksBuildPhase;
			buildActionMask = 2147483647;
			files = (
			);
			runOnlyForDeploymentPostprocessing = 0;
		};
		849282672635635D00DC0C13 /* Frameworks */ = {
			isa = PBXFrameworksBuildPhase;
			buildActionMask = 2147483647;
			files = (
			);
			runOnlyForDeploymentPostprocessing = 0;
		};
/* End PBXFrameworksBuildPhase section */

/* Begin PBXGroup section */
		3CEDC4AF4C9170D982FBBC50 /* Frameworks */ = {
			isa = PBXGroup;
			children = (
				843100912636954800F64892 /* USBDeviceSwift.framework */,
				4880F39FCFC0C5ADF97E312C /* Pods_DasanFactoryApp.framework */,
			);
			name = Frameworks;
			sourceTree = "<group>";
		};
		849282442635635B00DC0C13 = {
			isa = PBXGroup;
			children = (
				8492824F2635635B00DC0C13 /* DasanFactoryApp */,
				849282622635635D00DC0C13 /* DasanFactoryAppTests */,
				8492826D2635635D00DC0C13 /* DasanFactoryAppUITests */,
				8492824E2635635B00DC0C13 /* Products */,
				E0BECBD69F03FFD958DA703C /* Pods */,
				3CEDC4AF4C9170D982FBBC50 /* Frameworks */,
			);
			sourceTree = "<group>";
		};
		8492824E2635635B00DC0C13 /* Products */ = {
			isa = PBXGroup;
			children = (
				8492824D2635635B00DC0C13 /* DasanFactoryApp.app */,
				8492825F2635635D00DC0C13 /* DasanFactoryAppTests.xctest */,
				8492826A2635635D00DC0C13 /* DasanFactoryAppUITests.xctest */,
			);
			name = Products;
			sourceTree = "<group>";
		};
		8492824F2635635B00DC0C13 /* DasanFactoryApp */ = {
			isa = PBXGroup;
			children = (
				843100842636940D00F64892 /* DasanFactoryAppRelease.entitlements */,
				849282502635635B00DC0C13 /* AppDelegate.swift */,
				849282522635635B00DC0C13 /* ViewController.swift */,
				849282542635635D00DC0C13 /* Assets.xcassets */,
				849282562635635D00DC0C13 /* Main.storyboard */,
				849282592635635D00DC0C13 /* Info.plist */,
				8492825A2635635D00DC0C13 /* DasanFactoryApp.entitlements */,
				849282A226356B1500DC0C13 /* JPLDevice.swift */,
			);
			path = DasanFactoryApp;
			sourceTree = "<group>";
		};
		849282622635635D00DC0C13 /* DasanFactoryAppTests */ = {
			isa = PBXGroup;
			children = (
				849282632635635D00DC0C13 /* DasanFactoryAppTests.swift */,
				849282652635635D00DC0C13 /* Info.plist */,
			);
			path = DasanFactoryAppTests;
			sourceTree = "<group>";
		};
		8492826D2635635D00DC0C13 /* DasanFactoryAppUITests */ = {
			isa = PBXGroup;
			children = (
				8492826E2635635D00DC0C13 /* DasanFactoryAppUITests.swift */,
				849282702635635D00DC0C13 /* Info.plist */,
			);
			path = DasanFactoryAppUITests;
			sourceTree = "<group>";
		};
		E0BECBD69F03FFD958DA703C /* Pods */ = {
			isa = PBXGroup;
			children = (
				6C096EE1CEFFCC90362A396C /* Pods-DasanFactoryApp.debug.xcconfig */,
				4F78ECD24DE7F5BF265DC255 /* Pods-DasanFactoryApp.release.xcconfig */,
				832814EEA86DF57DBD96513E /* Pods-DasanFactoryApp-DasanFactoryAppUITests.debug.xcconfig */,
				939318FBC801CD0D92A576CA /* Pods-DasanFactoryApp-DasanFactoryAppUITests.release.xcconfig */,
				5653FD314033CE9BEA6C6E74 /* Pods-DasanFactoryAppTests.debug.xcconfig */,
				2FEEBFF94E8F0337BE77A2F2 /* Pods-DasanFactoryAppTests.release.xcconfig */,
			);
			path = Pods;
			sourceTree = "<group>";
		};
/* End PBXGroup section */

/* Begin PBXNativeTarget section */
		8492824C2635635B00DC0C13 /* DasanFactoryApp */ = {
			isa = PBXNativeTarget;
			buildConfigurationList = 849282732635635D00DC0C13 /* Build configuration list for PBXNativeTarget "DasanFactoryApp" */;
			buildPhases = (
				1A68282071DED4141633D46D /* [CP] Check Pods Manifest.lock */,
				849282492635635B00DC0C13 /* Sources */,
				8492824A2635635B00DC0C13 /* Frameworks */,
				8492824B2635635B00DC0C13 /* Resources */,
				501DC45C71BC67B61094FFF7 /* [CP] Embed Pods Frameworks */,
			);
			buildRules = (
			);
			dependencies = (
			);
			name = DasanFactoryApp;
			productName = DasanFactoryApp;
			productReference = 8492824D2635635B00DC0C13 /* DasanFactoryApp.app */;
			productType = "com.apple.product-type.application";
		};
		8492825E2635635D00DC0C13 /* DasanFactoryAppTests */ = {
			isa = PBXNativeTarget;
			buildConfigurationList = 849282762635635D00DC0C13 /* Build configuration list for PBXNativeTarget "DasanFactoryAppTests" */;
			buildPhases = (
				EFD39563DFA8D68E0B3D3871 /* [CP] Check Pods Manifest.lock */,
				8492825B2635635D00DC0C13 /* Sources */,
				8492825C2635635D00DC0C13 /* Frameworks */,
				8492825D2635635D00DC0C13 /* Resources */,
			);
			buildRules = (
			);
			dependencies = (
				849282612635635D00DC0C13 /* PBXTargetDependency */,
			);
			name = DasanFactoryAppTests;
			productName = DasanFactoryAppTests;
			productReference = 8492825F2635635D00DC0C13 /* DasanFactoryAppTests.xctest */;
			productType = "com.apple.product-type.bundle.unit-test";
		};
		849282692635635D00DC0C13 /* DasanFactoryAppUITests */ = {
			isa = PBXNativeTarget;
			buildConfigurationList = 849282792635635D00DC0C13 /* Build configuration list for PBXNativeTarget "DasanFactoryAppUITests" */;
			buildPhases = (
				B356E68AE59751EDED4D7F9F /* [CP] Check Pods Manifest.lock */,
				849282662635635D00DC0C13 /* Sources */,
				849282672635635D00DC0C13 /* Frameworks */,
				849282682635635D00DC0C13 /* Resources */,
				40A30B0441F90F287E4AD94F /* [CP] Embed Pods Frameworks */,
			);
			buildRules = (
			);
			dependencies = (
				8492826C2635635D00DC0C13 /* PBXTargetDependency */,
			);
			name = DasanFactoryAppUITests;
			productName = DasanFactoryAppUITests;
			productReference = 8492826A2635635D00DC0C13 /* DasanFactoryAppUITests.xctest */;
			productType = "com.apple.product-type.bundle.ui-testing";
		};
/* End PBXNativeTarget section */

/* Begin PBXProject section */
		849282452635635B00DC0C13 /* Project object */ = {
			isa = PBXProject;
			attributes = {
				LastSwiftUpdateCheck = 1240;
				LastUpgradeCheck = 1240;
				TargetAttributes = {
					8492824C2635635B00DC0C13 = {
						CreatedOnToolsVersion = 12.4;
					};
					8492825E2635635D00DC0C13 = {
						CreatedOnToolsVersion = 12.4;
						TestTargetID = 8492824C2635635B00DC0C13;
					};
					849282692635635D00DC0C13 = {
						CreatedOnToolsVersion = 12.4;
						TestTargetID = 8492824C2635635B00DC0C13;
					};
				};
			};
			buildConfigurationList = 849282482635635B00DC0C13 /* Build configuration list for PBXProject "DasanFactoryApp" */;
			compatibilityVersion = "Xcode 9.3";
			developmentRegion = en;
			hasScannedForEncodings = 0;
			knownRegions = (
				en,
				Base,
			);
			mainGroup = 849282442635635B00DC0C13;
			productRefGroup = 8492824E2635635B00DC0C13 /* Products */;
			projectDirPath = "";
			projectRoot = "";
			targets = (
				8492824C2635635B00DC0C13 /* DasanFactoryApp */,
				8492825E2635635D00DC0C13 /* DasanFactoryAppTests */,
				849282692635635D00DC0C13 /* DasanFactoryAppUITests */,
			);
		};
/* End PBXProject section */

/* Begin PBXResourcesBuildPhase section */
		8492824B2635635B00DC0C13 /* Resources */ = {
			isa = PBXResourcesBuildPhase;
			buildActionMask = 2147483647;
			files = (
				849282552635635D00DC0C13 /* Assets.xcassets in Resources */,
				849282582635635D00DC0C13 /* Main.storyboard in Resources */,
			);
			runOnlyForDeploymentPostprocessing = 0;
		};
		8492825D2635635D00DC0C13 /* Resources */ = {
			isa = PBXResourcesBuildPhase;
			buildActionMask = 2147483647;
			files = (
			);
			runOnlyForDeploymentPostprocessing = 0;
		};
		849282682635635D00DC0C13 /* Resources */ = {
			isa = PBXResourcesBuildPhase;
			buildActionMask = 2147483647;
			files = (
			);
			runOnlyForDeploymentPostprocessing = 0;
		};
/* End PBXResourcesBuildPhase section */

/* Begin PBXShellScriptBuildPhase section */
		1A68282071DED4141633D46D /* [CP] Check Pods Manifest.lock */ = {
			isa = PBXShellScriptBuildPhase;
			buildActionMask = 2147483647;
			files = (
			);
			inputFileListPaths = (
			);
			inputPaths = (
				"${PODS_PODFILE_DIR_PATH}/Podfile.lock",
				"${PODS_ROOT}/Manifest.lock",
			);
			name = "[CP] Check Pods Manifest.lock";
			outputFileListPaths = (
			);
			outputPaths = (
				"$(DERIVED_FILE_DIR)/Pods-DasanFactoryApp-checkManifestLockResult.txt",
			);
			runOnlyForDeploymentPostprocessing = 0;
			shellPath = /bin/sh;
			shellScript = "diff \"${PODS_PODFILE_DIR_PATH}/Podfile.lock\" \"${PODS_ROOT}/Manifest.lock\" > /dev/null\nif [ $? != 0 ] ; then\n    # print error to STDERR\n    echo \"error: The sandbox is not in sync with the Podfile.lock. Run 'pod install' or update your CocoaPods installation.\" >&2\n    exit 1\nfi\n# This output is used by Xcode 'outputs' to avoid re-running this script phase.\necho \"SUCCESS\" > \"${SCRIPT_OUTPUT_FILE_0}\"\n";
			showEnvVarsInLog = 0;
		};
		40A30B0441F90F287E4AD94F /* [CP] Embed Pods Frameworks */ = {
			isa = PBXShellScriptBuildPhase;
			buildActionMask = 2147483647;
			files = (
			);
			inputFileListPaths = (
				"${PODS_ROOT}/Target Support Files/Pods-DasanFactoryApp-DasanFactoryAppUITests/Pods-DasanFactoryApp-DasanFactoryAppUITests-frameworks-${CONFIGURATION}-input-files.xcfilelist",
			);
			name = "[CP] Embed Pods Frameworks";
			outputFileListPaths = (
				"${PODS_ROOT}/Target Support Files/Pods-DasanFactoryApp-DasanFactoryAppUITests/Pods-DasanFactoryApp-DasanFactoryAppUITests-frameworks-${CONFIGURATION}-output-files.xcfilelist",
			);
			runOnlyForDeploymentPostprocessing = 0;
			shellPath = /bin/sh;
			shellScript = "\"${PODS_ROOT}/Target Support Files/Pods-DasanFactoryApp-DasanFactoryAppUITests/Pods-DasanFactoryApp-DasanFactoryAppUITests-frameworks.sh\"\n";
			showEnvVarsInLog = 0;
		};
		501DC45C71BC67B61094FFF7 /* [CP] Embed Pods Frameworks */ = {
			isa = PBXShellScriptBuildPhase;
			buildActionMask = 2147483647;
			files = (
			);
			inputFileListPaths = (
				"${PODS_ROOT}/Target Support Files/Pods-DasanFactoryApp/Pods-DasanFactoryApp-frameworks-${CONFIGURATION}-input-files.xcfilelist",
			);
			name = "[CP] Embed Pods Frameworks";
			outputFileListPaths = (
				"${PODS_ROOT}/Target Support Files/Pods-DasanFactoryApp/Pods-DasanFactoryApp-frameworks-${CONFIGURATION}-output-files.xcfilelist",
			);
			runOnlyForDeploymentPostprocessing = 0;
			shellPath = /bin/sh;
			shellScript = "\"${PODS_ROOT}/Target Support Files/Pods-DasanFactoryApp/Pods-DasanFactoryApp-frameworks.sh\"\n";
			showEnvVarsInLog = 0;
		};
		B356E68AE59751EDED4D7F9F /* [CP] Check Pods Manifest.lock */ = {
			isa = PBXShellScriptBuildPhase;
			buildActionMask = 2147483647;
			files = (
			);
			inputFileListPaths = (
			);
			inputPaths = (
				"${PODS_PODFILE_DIR_PATH}/Podfile.lock",
				"${PODS_ROOT}/Manifest.lock",
			);
			name = "[CP] Check Pods Manifest.lock";
			outputFileListPaths = (
			);
			outputPaths = (
				"$(DERIVED_FILE_DIR)/Pods-DasanFactoryApp-DasanFactoryAppUITests-checkManifestLockResult.txt",
			);
			runOnlyForDeploymentPostprocessing = 0;
			shellPath = /bin/sh;
			shellScript = "diff \"${PODS_PODFILE_DIR_PATH}/Podfile.lock\" \"${PODS_ROOT}/Manifest.lock\" > /dev/null\nif [ $? != 0 ] ; then\n    # print error to STDERR\n    echo \"error: The sandbox is not in sync with the Podfile.lock. Run 'pod install' or update your CocoaPods installation.\" >&2\n    exit 1\nfi\n# This output is used by Xcode 'outputs' to avoid re-running this script phase.\necho \"SUCCESS\" > \"${SCRIPT_OUTPUT_FILE_0}\"\n";
			showEnvVarsInLog = 0;
		};
		EFD39563DFA8D68E0B3D3871 /* [CP] Check Pods Manifest.lock */ = {
			isa = PBXShellScriptBuildPhase;
			buildActionMask = 2147483647;
			files = (
			);
			inputFileListPaths = (
			);
			inputPaths = (
				"${PODS_PODFILE_DIR_PATH}/Podfile.lock",
				"${PODS_ROOT}/Manifest.lock",
			);
			name = "[CP] Check Pods Manifest.lock";
			outputFileListPaths = (
			);
			outputPaths = (
				"$(DERIVED_FILE_DIR)/Pods-DasanFactoryAppTests-checkManifestLockResult.txt",
			);
			runOnlyForDeploymentPostprocessing = 0;
			shellPath = /bin/sh;
			shellScript = "diff \"${PODS_PODFILE_DIR_PATH}/Podfile.lock\" \"${PODS_ROOT}/Manifest.lock\" > /dev/null\nif [ $? != 0 ] ; then\n    # print error to STDERR\n    echo \"error: The sandbox is not in sync with the Podfile.lock. Run 'pod install' or update your CocoaPods installation.\" >&2\n    exit 1\nfi\n# This output is used by Xcode 'outputs' to avoid re-running this script phase.\necho \"SUCCESS\" > \"${SCRIPT_OUTPUT_FILE_0}\"\n";
			showEnvVarsInLog = 0;
		};
/* End PBXShellScriptBuildPhase section */

/* Begin PBXSourcesBuildPhase section */
		849282492635635B00DC0C13 /* Sources */ = {
			isa = PBXSourcesBuildPhase;
			buildActionMask = 2147483647;
			files = (
				849282532635635B00DC0C13 /* ViewController.swift in Sources */,
				849282A326356B1500DC0C13 /* JPLDevice.swift in Sources */,
				849282512635635B00DC0C13 /* AppDelegate.swift in Sources */,
			);
			runOnlyForDeploymentPostprocessing = 0;
		};
		8492825B2635635D00DC0C13 /* Sources */ = {
			isa = PBXSourcesBuildPhase;
			buildActionMask = 2147483647;
			files = (
				849282642635635D00DC0C13 /* DasanFactoryAppTests.swift in Sources */,
			);
			runOnlyForDeploymentPostprocessing = 0;
		};
		849282662635635D00DC0C13 /* Sources */ = {
			isa = PBXSourcesBuildPhase;
			buildActionMask = 2147483647;
			files = (
				8492826F2635635D00DC0C13 /* DasanFactoryAppUITests.swift in Sources */,
			);
			runOnlyForDeploymentPostprocessing = 0;
		};
/* End PBXSourcesBuildPhase section */

/* Begin PBXTargetDependency section */
		849282612635635D00DC0C13 /* PBXTargetDependency */ = {
			isa = PBXTargetDependency;
			target = 8492824C2635635B00DC0C13 /* DasanFactoryApp */;
			targetProxy = 849282602635635D00DC0C13 /* PBXContainerItemProxy */;
		};
		8492826C2635635D00DC0C13 /* PBXTargetDependency */ = {
			isa = PBXTargetDependency;
			target = 8492824C2635635B00DC0C13 /* DasanFactoryApp */;
			targetProxy = 8492826B2635635D00DC0C13 /* PBXContainerItemProxy */;
		};
/* End PBXTargetDependency section */

/* Begin PBXVariantGroup section */
		849282562635635D00DC0C13 /* Main.storyboard */ = {
			isa = PBXVariantGroup;
			children = (
				849282572635635D00DC0C13 /* Base */,
			);
			name = Main.storyboard;
			sourceTree = "<group>";
		};
/* End PBXVariantGroup section */

/* Begin XCBuildConfiguration section */
		849282712635635D00DC0C13 /* Debug */ = {
			isa = XCBuildConfiguration;
			buildSettings = {
				ALWAYS_SEARCH_USER_PATHS = NO;
				CLANG_ANALYZER_NONNULL = YES;
				CLANG_ANALYZER_NUMBER_OBJECT_CONVERSION = YES_AGGRESSIVE;
				CLANG_CXX_LANGUAGE_STANDARD = "gnu++14";
				CLANG_CXX_LIBRARY = "libc++";
				CLANG_ENABLE_MODULES = YES;
				CLANG_ENABLE_OBJC_ARC = YES;
				CLANG_ENABLE_OBJC_WEAK = YES;
				CLANG_WARN_BLOCK_CAPTURE_AUTORELEASING = YES;
				CLANG_WARN_BOOL_CONVERSION = YES;
				CLANG_WARN_COMMA = YES;
				CLANG_WARN_CONSTANT_CONVERSION = YES;
				CLANG_WARN_DEPRECATED_OBJC_IMPLEMENTATIONS = YES;
				CLANG_WARN_DIRECT_OBJC_ISA_USAGE = YES_ERROR;
				CLANG_WARN_DOCUMENTATION_COMMENTS = YES;
				CLANG_WARN_EMPTY_BODY = YES;
				CLANG_WARN_ENUM_CONVERSION = YES;
				CLANG_WARN_INFINITE_RECURSION = YES;
				CLANG_WARN_INT_CONVERSION = YES;
				CLANG_WARN_NON_LITERAL_NULL_CONVERSION = YES;
				CLANG_WARN_OBJC_IMPLICIT_RETAIN_SELF = YES;
				CLANG_WARN_OBJC_LITERAL_CONVERSION = YES;
				CLANG_WARN_OBJC_ROOT_CLASS = YES_ERROR;
				CLANG_WARN_QUOTED_INCLUDE_IN_FRAMEWORK_HEADER = YES;
				CLANG_WARN_RANGE_LOOP_ANALYSIS = YES;
				CLANG_WARN_STRICT_PROTOTYPES = YES;
				CLANG_WARN_SUSPICIOUS_MOVE = YES;
				CLANG_WARN_UNGUARDED_AVAILABILITY = YES_AGGRESSIVE;
				CLANG_WARN_UNREACHABLE_CODE = YES;
				CLANG_WARN__DUPLICATE_METHOD_MATCH = YES;
				COPY_PHASE_STRIP = NO;
				DEBUG_INFORMATION_FORMAT = dwarf;
				ENABLE_STRICT_OBJC_MSGSEND = YES;
				ENABLE_TESTABILITY = YES;
				GCC_C_LANGUAGE_STANDARD = gnu11;
				GCC_DYNAMIC_NO_PIC = NO;
				GCC_NO_COMMON_BLOCKS = YES;
				GCC_OPTIMIZATION_LEVEL = 0;
				GCC_PREPROCESSOR_DEFINITIONS = (
					"DEBUG=1",
					"$(inherited)",
				);
				GCC_WARN_64_TO_32_BIT_CONVERSION = YES;
				GCC_WARN_ABOUT_RETURN_TYPE = YES_ERROR;
				GCC_WARN_UNDECLARED_SELECTOR = YES;
				GCC_WARN_UNINITIALIZED_AUTOS = YES_AGGRESSIVE;
				GCC_WARN_UNUSED_FUNCTION = YES;
				GCC_WARN_UNUSED_VARIABLE = YES;
				MACOSX_DEPLOYMENT_TARGET = 10.15;
				MTL_ENABLE_DEBUG_INFO = INCLUDE_SOURCE;
				MTL_FAST_MATH = YES;
				ONLY_ACTIVE_ARCH = YES;
				SDKROOT = macosx;
				SWIFT_ACTIVE_COMPILATION_CONDITIONS = DEBUG;
				SWIFT_OPTIMIZATION_LEVEL = "-Onone";
			};
			name = Debug;
		};
		849282722635635D00DC0C13 /* Release */ = {
			isa = XCBuildConfiguration;
			buildSettings = {
				ALWAYS_SEARCH_USER_PATHS = NO;
				CLANG_ANALYZER_NONNULL = YES;
				CLANG_ANALYZER_NUMBER_OBJECT_CONVERSION = YES_AGGRESSIVE;
				CLANG_CXX_LANGUAGE_STANDARD = "gnu++14";
				CLANG_CXX_LIBRARY = "libc++";
				CLANG_ENABLE_MODULES = YES;
				CLANG_ENABLE_OBJC_ARC = YES;
				CLANG_ENABLE_OBJC_WEAK = YES;
				CLANG_WARN_BLOCK_CAPTURE_AUTORELEASING = YES;
				CLANG_WARN_BOOL_CONVERSION = YES;
				CLANG_WARN_COMMA = YES;
				CLANG_WARN_CONSTANT_CONVERSION = YES;
				CLANG_WARN_DEPRECATED_OBJC_IMPLEMENTATIONS = YES;
				CLANG_WARN_DIRECT_OBJC_ISA_USAGE = YES_ERROR;
				CLANG_WARN_DOCUMENTATION_COMMENTS = YES;
				CLANG_WARN_EMPTY_BODY = YES;
				CLANG_WARN_ENUM_CONVERSION = YES;
				CLANG_WARN_INFINITE_RECURSION = YES;
				CLANG_WARN_INT_CONVERSION = YES;
				CLANG_WARN_NON_LITERAL_NULL_CONVERSION = YES;
				CLANG_WARN_OBJC_IMPLICIT_RETAIN_SELF = YES;
				CLANG_WARN_OBJC_LITERAL_CONVERSION = YES;
				CLANG_WARN_OBJC_ROOT_CLASS = YES_ERROR;
				CLANG_WARN_QUOTED_INCLUDE_IN_FRAMEWORK_HEADER = YES;
				CLANG_WARN_RANGE_LOOP_ANALYSIS = YES;
				CLANG_WARN_STRICT_PROTOTYPES = YES;
				CLANG_WARN_SUSPICIOUS_MOVE = YES;
				CLANG_WARN_UNGUARDED_AVAILABILITY = YES_AGGRESSIVE;
				CLANG_WARN_UNREACHABLE_CODE = YES;
				CLANG_WARN__DUPLICATE_METHOD_MATCH = YES;
				COPY_PHASE_STRIP = NO;
				DEBUG_INFORMATION_FORMAT = "dwarf-with-dsym";
				ENABLE_NS_ASSERTIONS = NO;
				ENABLE_STRICT_OBJC_MSGSEND = YES;
				GCC_C_LANGUAGE_STANDARD = gnu11;
				GCC_NO_COMMON_BLOCKS = YES;
				GCC_WARN_64_TO_32_BIT_CONVERSION = YES;
				GCC_WARN_ABOUT_RETURN_TYPE = YES_ERROR;
				GCC_WARN_UNDECLARED_SELECTOR = YES;
				GCC_WARN_UNINITIALIZED_AUTOS = YES_AGGRESSIVE;
				GCC_WARN_UNUSED_FUNCTION = YES;
				GCC_WARN_UNUSED_VARIABLE = YES;
				MACOSX_DEPLOYMENT_TARGET = 10.15;
				MTL_ENABLE_DEBUG_INFO = NO;
				MTL_FAST_MATH = YES;
				ONLY_ACTIVE_ARCH = YES;
				SDKROOT = macosx;
				SWIFT_COMPILATION_MODE = wholemodule;
				SWIFT_OPTIMIZATION_LEVEL = "-O";
			};
			name = Release;
		};
		849282742635635D00DC0C13 /* Debug */ = {
			isa = XCBuildConfiguration;
			baseConfigurationReference = 6C096EE1CEFFCC90362A396C /* Pods-DasanFactoryApp.debug.xcconfig */;
			buildSettings = {
				ASSETCATALOG_COMPILER_APPICON_NAME = AppIcon;
				ASSETCATALOG_COMPILER_GLOBAL_ACCENT_COLOR_NAME = AccentColor;
				CODE_SIGN_ENTITLEMENTS = DasanFactoryApp/DasanFactoryApp.entitlements;
				CODE_SIGN_IDENTITY = "Apple Development";
				CODE_SIGN_STYLE = Automatic;
				COMBINE_HIDPI_IMAGES = YES;
				DEVELOPMENT_TEAM = ZMKTJ2T3Y5;
				ENABLE_HARDENED_RUNTIME = YES;
				INFOPLIST_FILE = DasanFactoryApp/Info.plist;
				LD_RUNPATH_SEARCH_PATHS = (
					"$(inherited)",
					"@executable_path/../Frameworks",
				);
				MACOSX_DEPLOYMENT_TARGET = 10.15;
				PRODUCT_BUNDLE_IDENTIFIER = com.dasan.DasanFactoryApp;
				PRODUCT_NAME = "$(TARGET_NAME)";
				SWIFT_VERSION = 5.0;
			};
			name = Debug;
		};
		849282752635635D00DC0C13 /* Release */ = {
			isa = XCBuildConfiguration;
			baseConfigurationReference = 4F78ECD24DE7F5BF265DC255 /* Pods-DasanFactoryApp.release.xcconfig */;
			buildSettings = {
				ASSETCATALOG_COMPILER_APPICON_NAME = AppIcon;
				ASSETCATALOG_COMPILER_GLOBAL_ACCENT_COLOR_NAME = AccentColor;
				CODE_SIGN_ENTITLEMENTS = DasanFactoryApp/DasanFactoryAppRelease.entitlements;
				CODE_SIGN_IDENTITY = "Apple Development";
				CODE_SIGN_STYLE = Automatic;
				COMBINE_HIDPI_IMAGES = YES;
				DEVELOPMENT_TEAM = ZMKTJ2T3Y5;
				ENABLE_HARDENED_RUNTIME = YES;
				INFOPLIST_FILE = DasanFactoryApp/Info.plist;
				LD_RUNPATH_SEARCH_PATHS = (
					"$(inherited)",
					"@executable_path/../Frameworks",
				);
				MACOSX_DEPLOYMENT_TARGET = 10.15;
				PRODUCT_BUNDLE_IDENTIFIER = com.dasan.DasanFactoryApp;
				PRODUCT_NAME = "$(TARGET_NAME)";
				SWIFT_VERSION = 5.0;
			};
			name = Release;
		};
		849282772635635D00DC0C13 /* Debug */ = {
			isa = XCBuildConfiguration;
			baseConfigurationReference = 5653FD314033CE9BEA6C6E74 /* Pods-DasanFactoryAppTests.debug.xcconfig */;
			buildSettings = {
				ALWAYS_EMBED_SWIFT_STANDARD_LIBRARIES = YES;
				BUNDLE_LOADER = "$(TEST_HOST)";
				CODE_SIGN_STYLE = Automatic;
				COMBINE_HIDPI_IMAGES = YES;
				DEVELOPMENT_TEAM = ZMKTJ2T3Y5;
				INFOPLIST_FILE = DasanFactoryAppTests/Info.plist;
				LD_RUNPATH_SEARCH_PATHS = (
					"$(inherited)",
					"@executable_path/../Frameworks",
					"@loader_path/../Frameworks",
				);
				MACOSX_DEPLOYMENT_TARGET = 11.1;
				PRODUCT_BUNDLE_IDENTIFIER = com.dasan.DasanFactoryAppTests;
				PRODUCT_NAME = "$(TARGET_NAME)";
				SWIFT_VERSION = 5.0;
				TEST_HOST = "$(BUILT_PRODUCTS_DIR)/DasanFactoryApp.app/Contents/MacOS/DasanFactoryApp";
			};
			name = Debug;
		};
		849282782635635D00DC0C13 /* Release */ = {
			isa = XCBuildConfiguration;
			baseConfigurationReference = 2FEEBFF94E8F0337BE77A2F2 /* Pods-DasanFactoryAppTests.release.xcconfig */;
			buildSettings = {
				ALWAYS_EMBED_SWIFT_STANDARD_LIBRARIES = YES;
				BUNDLE_LOADER = "$(TEST_HOST)";
				CODE_SIGN_STYLE = Automatic;
				COMBINE_HIDPI_IMAGES = YES;
				DEVELOPMENT_TEAM = ZMKTJ2T3Y5;
				INFOPLIST_FILE = DasanFactoryAppTests/Info.plist;
				LD_RUNPATH_SEARCH_PATHS = (
					"$(inherited)",
					"@executable_path/../Frameworks",
					"@loader_path/../Frameworks",
				);
				MACOSX_DEPLOYMENT_TARGET = 11.1;
				PRODUCT_BUNDLE_IDENTIFIER = com.dasan.DasanFactoryAppTests;
				PRODUCT_NAME = "$(TARGET_NAME)";
				SWIFT_VERSION = 5.0;
				TEST_HOST = "$(BUILT_PRODUCTS_DIR)/DasanFactoryApp.app/Contents/MacOS/DasanFactoryApp";
			};
			name = Release;
		};
		8492827A2635635D00DC0C13 /* Debug */ = {
			isa = XCBuildConfiguration;
			baseConfigurationReference = 832814EEA86DF57DBD96513E /* Pods-DasanFactoryApp-DasanFactoryAppUITests.debug.xcconfig */;
			buildSettings = {
				ALWAYS_EMBED_SWIFT_STANDARD_LIBRARIES = YES;
				CODE_SIGN_STYLE = Automatic;
				COMBINE_HIDPI_IMAGES = YES;
				DEVELOPMENT_TEAM = ZMKTJ2T3Y5;
				INFOPLIST_FILE = DasanFactoryAppUITests/Info.plist;
				LD_RUNPATH_SEARCH_PATHS = (
					"$(inherited)",
					"@executable_path/../Frameworks",
					"@loader_path/../Frameworks",
				);
				PRODUCT_BUNDLE_IDENTIFIER = com.dasan.DasanFactoryAppUITests;
				PRODUCT_NAME = "$(TARGET_NAME)";
				SWIFT_VERSION = 5.0;
				TEST_TARGET_NAME = DasanFactoryApp;
			};
			name = Debug;
		};
		8492827B2635635D00DC0C13 /* Release */ = {
			isa = XCBuildConfiguration;
			baseConfigurationReference = 939318FBC801CD0D92A576CA /* Pods-DasanFactoryApp-DasanFactoryAppUITests.release.xcconfig */;
			buildSettings = {
				ALWAYS_EMBED_SWIFT_STANDARD_LIBRARIES = YES;
				CODE_SIGN_STYLE = Automatic;
				COMBINE_HIDPI_IMAGES = YES;
				DEVELOPMENT_TEAM = ZMKTJ2T3Y5;
				INFOPLIST_FILE = DasanFactoryAppUITests/Info.plist;
				LD_RUNPATH_SEARCH_PATHS = (
					"$(inherited)",
					"@executable_path/../Frameworks",
					"@loader_path/../Frameworks",
				);
				PRODUCT_BUNDLE_IDENTIFIER = com.dasan.DasanFactoryAppUITests;
				PRODUCT_NAME = "$(TARGET_NAME)";
				SWIFT_VERSION = 5.0;
				TEST_TARGET_NAME = DasanFactoryApp;
			};
			name = Release;
		};
/* End XCBuildConfiguration section */

/* Begin XCConfigurationList section */
		849282482635635B00DC0C13 /* Build configuration list for PBXProject "DasanFactoryApp" */ = {
			isa = XCConfigurationList;
			buildConfigurations = (
				849282712635635D00DC0C13 /* Debug */,
				849282722635635D00DC0C13 /* Release */,
			);
			defaultConfigurationIsVisible = 0;
			defaultConfigurationName = Release;
		};
		849282732635635D00DC0C13 /* Build configuration list for PBXNativeTarget "DasanFactoryApp" */ = {
			isa = XCConfigurationList;
			buildConfigurations = (
				849282742635635D00DC0C13 /* Debug */,
				849282752635635D00DC0C13 /* Release */,
			);
			defaultConfigurationIsVisible = 0;
			defaultConfigurationName = Release;
		};
		849282762635635D00DC0C13 /* Build configuration list for PBXNativeTarget "DasanFactoryAppTests" */ = {
			isa = XCConfigurationList;
			buildConfigurations = (
				849282772635635D00DC0C13 /* Debug */,
				849282782635635D00DC0C13 /* Release */,
			);
			defaultConfigurationIsVisible = 0;
			defaultConfigurationName = Release;
		};
		849282792635635D00DC0C13 /* Build configuration list for PBXNativeTarget "DasanFactoryAppUITests" */ = {
			isa = XCConfigurationList;
			buildConfigurations = (
				8492827A2635635D00DC0C13 /* Debug */,
				8492827B2635635D00DC0C13 /* Release */,
			);
			defaultConfigurationIsVisible = 0;
			defaultConfigurationName = Release;
		};
/* End XCConfigurationList section */
	};
	rootObject = 849282452635635B00DC0C13 /* Project object */;
}
